{
  "name": "Proyecto_UNI",
  "lockfileVersion": 3,
  "requires": true,
  "packages": {
    "": {
      "dependencies": {
        "paginationjs": "^2.6.0"
      }
    },
    "node_modules/paginationjs": {
      "version": "2.6.0",
      "resolved": "https://registry.npmjs.org/paginationjs/-/paginationjs-2.6.0.tgz",
      "integrity": "sha512-xjmHtEjVXh4s4hBGrjENx+VduJ+tIzO/9eh72nys6vkLCleTlHQzg7felJ9IHGPRivlHRc+v/IYHtrbnVx+IoQ=="
    }
  }
}
